{
  "requires": true,
  "lockfileVersion": 1,
  "dependencies": {
    "zod": {
      "version": "3.0.2",
      "resolved": "https://registry.npmjs.org/zod/-/zod-3.0.2.tgz",
      "integrity": "sha512-a+9VrxBi5CWBFq2LO5aNgbAaIRzPpBLbH4qGjSFeKd/ClLAXZq1dNFLTe9N1VDUBKxqXgHVkMlyp5MtSJylJww=="
    }
  }
}
